
Microsoft Visual Studio Solution File, Format Version 12.00
# Visual Studio Version 17
VisualStudioVersion = 17.11.35327.3
MinimumVisualStudioVersion = 10.0.40219.1
Project("{FAE04EC0-301F-11D3-BF4B-00C04F79EFBC}") = "Lab_10", "Lab_10\Lab_10.csproj", "{7C3C73F9-F7B1-4422-A5C3-0D77B7E551E8}"
EndProject
Global
	GlobalSection(SolutionConfigurationPlatforms) = preSolution
		Debug|Any CPU = Debug|Any CPU
		Release|Any CPU = Release|Any CPU
	EndGlobalSection
	GlobalSection(ProjectConfigurationPlatforms) = postSolution
		{7C3C73F9-F7B1-4422-A5C3-0D77B7E551E8}.Debug|Any CPU.ActiveCfg = Debug|Any CPU
		{7C3C73F9-F7B1-4422-A5C3-0D77B7E551E8}.Debug|Any CPU.Build.0 = Debug|Any CPU
		{7C3C73F9-F7B1-4422-A5C3-0D77B7E551E8}.Release|Any CPU.ActiveCfg = Release|Any CPU
		{7C3C73F9-F7B1-4422-A5C3-0D77B7E551E8}.Release|Any CPU.Build.0 = Release|Any CPU
	EndGlobalSection
	GlobalSection(SolutionProperties) = preSolution
		HideSolutionNode = FALSE
	EndGlobalSection
	GlobalSection(ExtensibilityGlobals) = postSolution
		SolutionGuid = {8429300F-5FA1-478B-AB86-7704253614F9}
	EndGlobalSection
EndGlobal
